
Microsoft Visual Studio Solution File, Format Version 12.00
# Visual Studio Version 16
VisualStudioVersion = 16.0.34301.259
MinimumVisualStudioVersion = 10.0.40219.1
Project("{FAE04EC0-301F-11D3-BF4B-00C04F79EFBC}") = "ConsoleApp1", "ConsoleApp1\ConsoleApp1.csproj", "{1B7F907A-98EB-48E0-AA3B-D37FBB3F5184}"
EndProject
Global
	GlobalSection(SolutionConfigurationPlatforms) = preSolution
		Debug|Any CPU = Debug|Any CPU
		Release|Any CPU = Release|Any CPU
	EndGlobalSection
	GlobalSection(ProjectConfigurationPlatforms) = postSolution
		{1B7F907A-98EB-48E0-AA3B-D37FBB3F5184}.Debug|Any CPU.ActiveCfg = Debug|Any CPU
		{1B7F907A-98EB-48E0-AA3B-D37FBB3F5184}.Debug|Any CPU.Build.0 = Debug|Any CPU
		{1B7F907A-98EB-48E0-AA3B-D37FBB3F5184}.Release|Any CPU.ActiveCfg = Release|Any CPU
		{1B7F907A-98EB-48E0-AA3B-D37FBB3F5184}.Release|Any CPU.Build.0 = Release|Any CPU
	EndGlobalSection
	GlobalSection(SolutionProperties) = preSolution
		HideSolutionNode = FALSE
	EndGlobalSection
	GlobalSection(ExtensibilityGlobals) = postSolution
		SolutionGuid = {A796AB1F-F30F-4FD9-88D6-38A92FD7A6B6}
	EndGlobalSection
EndGlobal
